
Microsoft Visual Studio Solution File, Format Version 12.00
# Visual Studio Version 17
VisualStudioVersion = 17.5.33414.496
MinimumVisualStudioVersion = 10.0.40219.1
Project("{F184B08F-C81C-45F6-A57F-5ABD9991F28F}") = "Calificaciones_Windows_Forms_VB", "Calificaciones_Windows_Forms_VB\Calificaciones_Windows_Forms_VB.vbproj", "{A5A63C4A-5D20-4318-86CB-923D6056F1AB}"
EndProject
Global
	GlobalSection(SolutionConfigurationPlatforms) = preSolution
		Debug|Any CPU = Debug|Any CPU
		Release|Any CPU = Release|Any CPU
	EndGlobalSection
	GlobalSection(ProjectConfigurationPlatforms) = postSolution
		{A5A63C4A-5D20-4318-86CB-923D6056F1AB}.Debug|Any CPU.ActiveCfg = Debug|Any CPU
		{A5A63C4A-5D20-4318-86CB-923D6056F1AB}.Debug|Any CPU.Build.0 = Debug|Any CPU
		{A5A63C4A-5D20-4318-86CB-923D6056F1AB}.Release|Any CPU.ActiveCfg = Release|Any CPU
		{A5A63C4A-5D20-4318-86CB-923D6056F1AB}.Release|Any CPU.Build.0 = Release|Any CPU
	EndGlobalSection
	GlobalSection(SolutionProperties) = preSolution
		HideSolutionNode = FALSE
	EndGlobalSection
	GlobalSection(ExtensibilityGlobals) = postSolution
		SolutionGuid = {B09E7E59-9614-4134-B4F2-1874FADB0A12}
	EndGlobalSection
EndGlobal
